
Microsoft Visual Studio Solution File, Format Version 11.00
# Visual Studio 2010
Project("{F184B08F-C81C-45F6-A57F-5ABD9991F28F}") = "IT2B2 Week 5 DSA Stack and Queue", "IT2B2 Week 5 DSA Stack and Queue.vbproj", "{991FE8AA-3D74-4259-A11C-89FCCA15515E}"
EndProject
Global
	GlobalSection(SolutionConfigurationPlatforms) = preSolution
		Debug|x86 = Debug|x86
		Release|x86 = Release|x86
	EndGlobalSection
	GlobalSection(ProjectConfigurationPlatforms) = postSolution
		{991FE8AA-3D74-4259-A11C-89FCCA15515E}.Debug|x86.ActiveCfg = Debug|x86
		{991FE8AA-3D74-4259-A11C-89FCCA15515E}.Debug|x86.Build.0 = Debug|x86
		{991FE8AA-3D74-4259-A11C-89FCCA15515E}.Release|x86.ActiveCfg = Release|x86
		{991FE8AA-3D74-4259-A11C-89FCCA15515E}.Release|x86.Build.0 = Release|x86
	EndGlobalSection
	GlobalSection(SolutionProperties) = preSolution
		HideSolutionNode = FALSE
	EndGlobalSection
EndGlobal
